
Microsoft Visual Studio Solution File, Format Version 12.00
# Visual Studio Version 17
VisualStudioVersion = 17.8.34322.80
MinimumVisualStudioVersion = 10.0.40219.1
Project("{FAE04EC0-301F-11D3-BF4B-00C04F79EFBC}") = "1. zadatak", "1. zadatak.csproj", "{7A58C79A-A016-4268-ABA4-F69A0E53B73A}"
EndProject
Global
	GlobalSection(SolutionConfigurationPlatforms) = preSolution
		Debug|Any CPU = Debug|Any CPU
		Release|Any CPU = Release|Any CPU
	EndGlobalSection
	GlobalSection(ProjectConfigurationPlatforms) = postSolution
		{7A58C79A-A016-4268-ABA4-F69A0E53B73A}.Debug|Any CPU.ActiveCfg = Debug|Any CPU
		{7A58C79A-A016-4268-ABA4-F69A0E53B73A}.Debug|Any CPU.Build.0 = Debug|Any CPU
		{7A58C79A-A016-4268-ABA4-F69A0E53B73A}.Release|Any CPU.ActiveCfg = Release|Any CPU
		{7A58C79A-A016-4268-ABA4-F69A0E53B73A}.Release|Any CPU.Build.0 = Release|Any CPU
	EndGlobalSection
	GlobalSection(SolutionProperties) = preSolution
		HideSolutionNode = FALSE
	EndGlobalSection
	GlobalSection(ExtensibilityGlobals) = postSolution
		SolutionGuid = {563E2EE5-E6BA-4641-A74D-0C0BE0D30B04}
	EndGlobalSection
EndGlobal
